
Microsoft Visual Studio Solution File, Format Version 12.00
# Visual Studio Version 17
VisualStudioVersion = 17.10.34707.107
MinimumVisualStudioVersion = 10.0.40219.1
Project("{FAE04EC0-301F-11D3-BF4B-00C04F79EFBC}") = "JsonDemoApi", "JsonDemoApi\JsonDemoApi.csproj", "{1BD4E5AF-3FFC-4418-9D3D-DBE9F3AE3040}"
EndProject
Global
	GlobalSection(SolutionConfigurationPlatforms) = preSolution
		Debug|Any CPU = Debug|Any CPU
		Release|Any CPU = Release|Any CPU
	EndGlobalSection
	GlobalSection(ProjectConfigurationPlatforms) = postSolution
		{1BD4E5AF-3FFC-4418-9D3D-DBE9F3AE3040}.Debug|Any CPU.ActiveCfg = Debug|Any CPU
		{1BD4E5AF-3FFC-4418-9D3D-DBE9F3AE3040}.Debug|Any CPU.Build.0 = Debug|Any CPU
		{1BD4E5AF-3FFC-4418-9D3D-DBE9F3AE3040}.Release|Any CPU.ActiveCfg = Release|Any CPU
		{1BD4E5AF-3FFC-4418-9D3D-DBE9F3AE3040}.Release|Any CPU.Build.0 = Release|Any CPU
	EndGlobalSection
	GlobalSection(SolutionProperties) = preSolution
		HideSolutionNode = FALSE
	EndGlobalSection
	GlobalSection(ExtensibilityGlobals) = postSolution
		SolutionGuid = {3FD2676E-E680-4EC2-A206-64C4A0C1D36A}
	EndGlobalSection
EndGlobal
